// !$*UTF8*$!
{
	archiveVersion = 1;
	classes = {
	};
	objectVersion = 46;
	objects = {

/* Begin PBXBuildFile section */
		162103751DEA490000CCFC27 /* main.cpp in Sources */ = {isa = PBXBuildFile; fileRef = 162103741DEA490000CCFC27 /* main.cpp */; };
		1621037D1DEA490D00CCFC27 /* OpenGL.framework in Frameworks */ = {isa = PBXBuildFile; fileRef = 1621037C1DEA490D00CCFC27 /* OpenGL.framework */; };
		1621037F1DEA491100CCFC27 /* GLUT.framework in Frameworks */ = {isa = PBXBuildFile; fileRef = 1621037E1DEA491100CCFC27 /* GLUT.framework */; };
		162C5F7B1DF3577F00CA5CB3 /* gameStructs.cpp in Sources */ = {isa = PBXBuildFile; fileRef = 162C5F791DF3577F00CA5CB3 /* gameStructs.cpp */; };
/* End PBXBuildFile section */

/* Begin PBXCopyFilesBuildPhase section */
		1621036F1DEA490000CCFC27 /* CopyFiles */ = {
			isa = PBXCopyFilesBuildPhase;
			buildActionMask = 2147483647;
			dstPath = /usr/share/man/man1/;
			dstSubfolderSpec = 0;
			files = (
			);
			runOnlyForDeploymentPostprocessing = 1;
		};
/* End PBXCopyFilesBuildPhase section */

/* Begin PBXFileReference section */
		162103711DEA490000CCFC27 /* cave-runner */ = {isa = PBXFileReference; explicitFileType = "compiled.mach-o.executable"; includeInIndex = 0; path = "cave-runner"; sourceTree = BUILT_PRODUCTS_DIR; };
		162103741DEA490000CCFC27 /* main.cpp */ = {isa = PBXFileReference; lastKnownFileType = sourcecode.cpp.cpp; path = main.cpp; sourceTree = "<group>"; };
		1621037C1DEA490D00CCFC27 /* OpenGL.framework */ = {isa = PBXFileReference; lastKnownFileType = wrapper.framework; name = OpenGL.framework; path = System/Library/Frameworks/OpenGL.framework; sourceTree = SDKROOT; };
		1621037E1DEA491100CCFC27 /* GLUT.framework */ = {isa = PBXFileReference; lastKnownFileType = wrapper.framework; name = GLUT.framework; path = System/Library/Frameworks/GLUT.framework; sourceTree = SDKROOT; };
		162C5F791DF3577F00CA5CB3 /* gameStructs.cpp */ = {isa = PBXFileReference; fileEncoding = 4; lastKnownFileType = sourcecode.cpp.cpp; path = gameStructs.cpp; sourceTree = "<group>"; };
		162C5F7A1DF3577F00CA5CB3 /* gameStructs.hpp */ = {isa = PBXFileReference; fileEncoding = 4; lastKnownFileType = sourcecode.cpp.h; path = gameStructs.hpp; sourceTree = "<group>"; };
/* End PBXFileReference section */

/* Begin PBXFrameworksBuildPhase section */
		1621036E1DEA490000CCFC27 /* Frameworks */ = {
			isa = PBXFrameworksBuildPhase;
			buildActionMask = 2147483647;
			files = (
				1621037F1DEA491100CCFC27 /* GLUT.framework in Frameworks */,
				1621037D1DEA490D00CCFC27 /* OpenGL.framework in Frameworks */,
			);
			runOnlyForDeploymentPostprocessing = 0;
		};
/* End PBXFrameworksBuildPhase section */

/* Begin PBXGroup section */
		162103681DEA490000CCFC27 = {
			isa = PBXGroup;
			children = (
				162103731DEA490000CCFC27 /* cave-runner */,
				162103721DEA490000CCFC27 /* Products */,
				1621037B1DEA490D00CCFC27 /* Frameworks */,
			);
			sourceTree = "<group>";
		};
		162103721DEA490000CCFC27 /* Products */ = {
			isa = PBXGroup;
			children = (
				162103711DEA490000CCFC27 /* cave-runner */,
			);
			name = Products;
			sourceTree = "<group>";
		};
		162103731DEA490000CCFC27 /* cave-runner */ = {
			isa = PBXGroup;
			children = (
				162103741DEA490000CCFC27 /* main.cpp */,
				162C5F791DF3577F00CA5CB3 /* gameStructs.cpp */,
				162C5F7A1DF3577F00CA5CB3 /* gameStructs.hpp */,
			);
			path = "cave-runner";
			sourceTree = "<group>";
		};
		1621037B1DEA490D00CCFC27 /* Frameworks */ = {
			isa = PBXGroup;
			children = (
				1621037E1DEA491100CCFC27 /* GLUT.framework */,
				1621037C1DEA490D00CCFC27 /* OpenGL.framework */,
			);
			name = Frameworks;
			sourceTree = "<group>";
		};
/* End PBXGroup section */

/* Begin PBXNativeTarget section */
		162103701DEA490000CCFC27 /* cave-runner */ = {
			isa = PBXNativeTarget;
			buildConfigurationList = 162103781DEA490000CCFC27 /* Build configuration list for PBXNativeTarget "cave-runner" */;
			buildPhases = (
				1621036D1DEA490000CCFC27 /* Sources */,
				1621036E1DEA490000CCFC27 /* Frameworks */,
				1621036F1DEA490000CCFC27 /* CopyFiles */,
			);
			buildRules = (
			);
			dependencies = (
			);
			name = "cave-runner";
			productName = "cave-runner";
			productReference = 162103711DEA490000CCFC27 /* cave-runner */;
			productType = "com.apple.product-type.tool";
		};
/* End PBXNativeTarget section */

/* Begin PBXProject section */
		162103691DEA490000CCFC27 /* Project object */ = {
			isa = PBXProject;
			attributes = {
				LastUpgradeCheck = 0810;
				ORGANIZATIONNAME = "Ahmed Mohamed";
				TargetAttributes = {
					162103701DEA490000CCFC27 = {
						CreatedOnToolsVersion = 8.1;
						DevelopmentTeam = 35828L95Q5;
						ProvisioningStyle = Automatic;
					};
				};
			};
			buildConfigurationList = 1621036C1DEA490000CCFC27 /* Build configuration list for PBXProject "cave-runner" */;
			compatibilityVersion = "Xcode 3.2";
			developmentRegion = English;
			hasScannedForEncodings = 0;
			knownRegions = (
				en,
			);
			mainGroup = 162103681DEA490000CCFC27;
			productRefGroup = 162103721DEA490000CCFC27 /* Products */;
			projectDirPath = "";
			projectRoot = "";
			targets = (
				162103701DEA490000CCFC27 /* cave-runner */,
			);
		};
/* End PBXProject section */

/* Begin PBXSourcesBuildPhase section */
		1621036D1DEA490000CCFC27 /* Sources */ = {
			isa = PBXSourcesBuildPhase;
			buildActionMask = 2147483647;
			files = (
				162C5F7B1DF3577F00CA5CB3 /* gameStructs.cpp in Sources */,
				162103751DEA490000CCFC27 /* main.cpp in Sources */,
			);
			runOnlyForDeploymentPostprocessing = 0;
		};
/* End PBXSourcesBuildPhase section */

/* Begin XCBuildConfiguration section */
		162103761DEA490000CCFC27 /* Debug */ = {
			isa = XCBuildConfiguration;
			buildSettings = {
				ALWAYS_SEARCH_USER_PATHS = NO;
				CLANG_ANALYZER_NONNULL = YES;
				CLANG_CXX_LANGUAGE_STANDARD = "gnu++0x";
				CLANG_CXX_LIBRARY = "libc++";
				CLANG_ENABLE_MODULES = YES;
				CLANG_ENABLE_OBJC_ARC = YES;
				CLANG_WARN_BOOL_CONVERSION = YES;
				CLANG_WARN_CONSTANT_CONVERSION = YES;
				CLANG_WARN_DIRECT_OBJC_ISA_USAGE = YES_ERROR;
				CLANG_WARN_DOCUMENTATION_COMMENTS = YES;
				CLANG_WARN_EMPTY_BODY = YES;
				CLANG_WARN_ENUM_CONVERSION = YES;
				CLANG_WARN_INFINITE_RECURSION = YES;
				CLANG_WARN_INT_CONVERSION = YES;
				CLANG_WARN_OBJC_ROOT_CLASS = YES_ERROR;
				CLANG_WARN_SUSPICIOUS_MOVES = YES;
				CLANG_WARN_UNREACHABLE_CODE = YES;
				CLANG_WARN__DUPLICATE_METHOD_MATCH = YES;
				CODE_SIGN_IDENTITY = "-";
				COPY_PHASE_STRIP = NO;
				DEBUG_INFORMATION_FORMAT = dwarf;
				ENABLE_STRICT_OBJC_MSGSEND = YES;
				ENABLE_TESTABILITY = YES;
				GCC_C_LANGUAGE_STANDARD = gnu99;
				GCC_DYNAMIC_NO_PIC = NO;
				GCC_NO_COMMON_BLOCKS = YES;
				GCC_OPTIMIZATION_LEVEL = 0;
				GCC_PREPROCESSOR_DEFINITIONS = (
					"DEBUG=1",
					"$(inherited)",
				);
				GCC_WARN_64_TO_32_BIT_CONVERSION = YES;
				GCC_WARN_ABOUT_RETURN_TYPE = YES_ERROR;
				GCC_WARN_UNDECLARED_SELECTOR = YES;
				GCC_WARN_UNINITIALIZED_AUTOS = YES_AGGRESSIVE;
				GCC_WARN_UNUSED_FUNCTION = YES;
				GCC_WARN_UNUSED_VARIABLE = YES;
				MACOSX_DEPLOYMENT_TARGET = 10.12;
				MTL_ENABLE_DEBUG_INFO = YES;
				ONLY_ACTIVE_ARCH = YES;
				SDKROOT = macosx;
			};
			name = Debug;
		};
		162103771DEA490000CCFC27 /* Release */ = {
			isa = XCBuildConfiguration;
			buildSettings = {
				ALWAYS_SEARCH_USER_PATHS = NO;
				CLANG_ANALYZER_NONNULL = YES;
				CLANG_CXX_LANGUAGE_STANDARD = "gnu++0x";
				CLANG_CXX_LIBRARY = "libc++";
				CLANG_ENABLE_MODULES = YES;
				CLANG_ENABLE_OBJC_ARC = YES;
				CLANG_WARN_BOOL_CONVERSION = YES;
				CLANG_WARN_CONSTANT_CONVERSION = YES;
				CLANG_WARN_DIRECT_OBJC_ISA_USAGE = YES_ERROR;
				CLANG_WARN_DOCUMENTATION_COMMENTS = YES;
				CLANG_WARN_EMPTY_BODY = YES;
				CLANG_WARN_ENUM_CONVERSION = YES;
				CLANG_WARN_INFINITE_RECURSION = YES;
				CLANG_WARN_INT_CONVERSION = YES;
				CLANG_WARN_OBJC_ROOT_CLASS = YES_ERROR;
				CLANG_WARN_SUSPICIOUS_MOVES = YES;
				CLANG_WARN_UNREACHABLE_CODE = YES;
				CLANG_WARN__DUPLICATE_METHOD_MATCH = YES;
				CODE_SIGN_IDENTITY = "-";
				COPY_PHASE_STRIP = NO;
				DEBUG_INFORMATION_FORMAT = "dwarf-with-dsym";
				ENABLE_NS_ASSERTIONS = NO;
				ENABLE_STRICT_OBJC_MSGSEND = YES;
				GCC_C_LANGUAGE_STANDARD = gnu99;
				GCC_NO_COMMON_BLOCKS = YES;
				GCC_WARN_64_TO_32_BIT_CONVERSION = YES;
				GCC_WARN_ABOUT_RETURN_TYPE = YES_ERROR;
				GCC_WARN_UNDECLARED_SELECTOR = YES;
				GCC_WARN_UNINITIALIZED_AUTOS = YES_AGGRESSIVE;
				GCC_WARN_UNUSED_FUNCTION = YES;
				GCC_WARN_UNUSED_VARIABLE = YES;
				MACOSX_DEPLOYMENT_TARGET = 10.12;
				MTL_ENABLE_DEBUG_INFO = NO;
				SDKROOT = macosx;
			};
			name = Release;
		};
		162103791DEA490000CCFC27 /* Debug */ = {
			isa = XCBuildConfiguration;
			buildSettings = {
				DEVELOPMENT_TEAM = 35828L95Q5;
				MACOSX_DEPLOYMENT_TARGET = 10.8;
				PRODUCT_NAME = "$(TARGET_NAME)";
			};
			name = Debug;
		};
		1621037A1DEA490000CCFC27 /* Release */ = {
			isa = XCBuildConfiguration;
			buildSettings = {
				DEVELOPMENT_TEAM = 35828L95Q5;
				MACOSX_DEPLOYMENT_TARGET = 10.8;
				PRODUCT_NAME = "$(TARGET_NAME)";
			};
			name = Release;
		};
/* End XCBuildConfiguration section */

/* Begin XCConfigurationList section */
		1621036C1DEA490000CCFC27 /* Build configuration list for PBXProject "cave-runner" */ = {
			isa = XCConfigurationList;
			buildConfigurations = (
				162103761DEA490000CCFC27 /* Debug */,
				162103771DEA490000CCFC27 /* Release */,
			);
			defaultConfigurationIsVisible = 0;
			defaultConfigurationName = Release;
		};
		162103781DEA490000CCFC27 /* Build configuration list for PBXNativeTarget "cave-runner" */ = {
			isa = XCConfigurationList;
			buildConfigurations = (
				162103791DEA490000CCFC27 /* Debug */,
				1621037A1DEA490000CCFC27 /* Release */,
			);
			defaultConfigurationIsVisible = 0;
			defaultConfigurationName = Release;
		};
/* End XCConfigurationList section */
	};
	rootObject = 162103691DEA490000CCFC27 /* Project object */;
}
